
Microsoft Visual Studio Solution File, Format Version 12.00
# Visual Studio 2012
Project("{FAE04EC0-301F-11D3-BF4B-00C04F79EFBC}") = "LFLRU", "LFLRU\LFLRU.csproj", "{78EE2590-03AA-49D3-97B2-C8C58C0EB97A}"
EndProject
Global
	GlobalSection(SolutionConfigurationPlatforms) = preSolution
		Debug|Any CPU = Debug|Any CPU
		Release|Any CPU = Release|Any CPU
	EndGlobalSection
	GlobalSection(ProjectConfigurationPlatforms) = postSolution
		{78EE2590-03AA-49D3-97B2-C8C58C0EB97A}.Debug|Any CPU.ActiveCfg = Debug|Any CPU
		{78EE2590-03AA-49D3-97B2-C8C58C0EB97A}.Debug|Any CPU.Build.0 = Debug|Any CPU
		{78EE2590-03AA-49D3-97B2-C8C58C0EB97A}.Release|Any CPU.ActiveCfg = Release|Any CPU
		{78EE2590-03AA-49D3-97B2-C8C58C0EB97A}.Release|Any CPU.Build.0 = Release|Any CPU
	EndGlobalSection
	GlobalSection(SolutionProperties) = preSolution
		HideSolutionNode = FALSE
	EndGlobalSection
EndGlobal
